[[package]]
name = "numpy"
version = "1.23.4"
requires_python = ">=3.8"
summary = "NumPy is the fundamental package for array computing with Python."

[[package]]
name = "pyarrow"
version = "10.0.0"
requires_python = ">=3.7"
summary = "Python library for Apache Arrow"
dependencies = [
    "numpy>=1.16.6",
]

[metadata]
lock_version = "4.0"
content_hash = "sha256:50987b8a39f356b393cc5b46a0faf16ea7e75415568a048837ed88fe7e990758"

[metadata.files]
"numpy 1.23.4" = [
    {url = "https://files.pythonhosted.org/packages/04/d4/12493d1ed7d6bd5a29016eea021a32011aef266d23a9a4fdefd5ad520eed/numpy-1.23.4-cp311-cp311-macosx_11_0_arm64.whl", hash = "sha256:ce03305dd694c4873b9429274fd41fc7eb4e0e4dea07e0af97a933b079a5814f"},
    {url = "https://files.pythonhosted.org/packages/07/08/417eabd93635695e69a18a336401b306da504dec032d537dbdc76577a569/numpy-1.23.4-cp310-cp310-macosx_10_9_x86_64.whl", hash = "sha256:95d79ada05005f6f4f337d3bb9de8a7774f259341c70bc88047a1f7b96a4bcb2"},
    {url = "https://files.pythonhosted.org/packages/07/4c/bd58f481de1f0706ea6a46d4fb056e047f488a2876416b04ad085892bce1/numpy-1.23.4-cp39-cp39-macosx_10_9_x86_64.whl", hash = "sha256:c67b833dbccefe97cdd3f52798d430b9d3430396af7cdb2a0c32954c3ef73894"},
    {url = "https://files.pythonhosted.org/packages/0c/83/78ae18fffc185d0d57097610d5a97473ef11dbdca95f16739ee96b158087/numpy-1.23.4-cp310-cp310-manylinux_2_17_x86_64.manylinux2014_x86_64.whl", hash = "sha256:a8365b942f9c1a7d0f0dc974747d99dd0a0cdfc5949a33119caf05cb314682d3"},
    {url = "https://files.pythonhosted.org/packages/0f/9e/fc7e8c4f98acb3be0bf32e16a0412bdbbb6a10292ba68061e46158c865b4/numpy-1.23.4-cp310-cp310-manylinux_2_17_aarch64.manylinux2014_aarch64.whl", hash = "sha256:c237129f0e732885c9a6076a537e974160482eab8f10db6292e92154d4c67d71"},
    {url = "https://files.pythonhosted.org/packages/26/e5/d00b9a9a89597a183257a7a316cce52e30ee705ac1c5a6de92766610ca8e/numpy-1.23.4-pp38-pypy38_pp73-macosx_10_9_x86_64.whl", hash = "sha256:61be02e3bf810b60ab74e81d6d0d36246dbfb644a462458bb53b595791251911"},
    {url = "https://files.pythonhosted.org/packages/2a/28/94ef96d74927d35d2c53fba76e5636031958c374937d4714bcb9e4fe2506/numpy-1.23.4-cp38-cp38-manylinux_2_17_aarch64.manylinux2014_aarch64.whl", hash = "sha256:8c053d7557a8f022ec823196d242464b6955a7e7e5015b719e76003f63f82d0f"},
    {url = "https://files.pythonhosted.org/packages/2d/6f/484c508cd324e1b28b78156ed278e0de0153e1e83b4320e01f0697bc2645/numpy-1.23.4-cp311-cp311-win32.whl", hash = "sha256:5e13030f8793e9ee42f9c7d5777465a560eb78fa7e11b1c053427f2ccab90c79"},
    {url = "https://files.pythonhosted.org/packages/34/80/d9b0d68ca6ce1423953d3ac5942f9110b8917c009c562a86d18d7db8fe02/numpy-1.23.4-cp38-cp38-win32.whl", hash = "sha256:dada341ebb79619fe00a291185bba370c9803b1e1d7051610e01ed809ef3a4ba"},
    {url = "https://files.pythonhosted.org/packages/38/0a/3c2524efc072cae26fb1055137f7794434e779b789b5b38671b99536328b/numpy-1.23.4-cp311-cp311-macosx_10_9_x86_64.whl", hash = "sha256:488a66cb667359534bc70028d653ba1cf307bae88eab5929cd707c761ff037db"},
    {url = "https://files.pythonhosted.org/packages/3c/d0/d7d0b6af9a434b3ee271b02ada553b1c781294bff012b19318886f86c395/numpy-1.23.4-cp38-cp38-macosx_10_9_x86_64.whl", hash = "sha256:7ab46e4e7ec63c8a5e6dbf5c1b9e1c92ba23a7ebecc86c336cb7bf3bd2fb10e5"},
    {url = "https://files.pythonhosted.org/packages/56/df/2f6016171ebce9875e7de0292a2131bea86e0340607a313a04b332d35c8e/numpy-1.23.4-cp38-cp38-manylinux_2_17_x86_64.manylinux2014_x86_64.whl", hash = "sha256:a0882323e0ca4245eb0a3d0a74f88ce581cc33aedcfa396e415e5bba7bf05f68"},
    {url = "https://files.pythonhosted.org/packages/58/ef/1e2b870a3fd6d4b4a7f827eae56830dca8eef8a9efc4c3224a193f5b8905/numpy-1.23.4-pp38-pypy38_pp73-manylinux_2_17_x86_64.manylinux2014_x86_64.whl", hash = "sha256:296d17aed51161dbad3c67ed6d164e51fcd18dbcd5dd4f9d0a9c6055dce30810"},
    {url = "https://files.pythonhosted.org/packages/5a/7b/653f2c23240e80a560f3043bfe94f7d3804badf969b89273d8ab141133d9/numpy-1.23.4-cp311-cp311-manylinux_2_17_x86_64.manylinux2014_x86_64.whl", hash = "sha256:7a70a7d3ce4c0e9284e92285cba91a4a3f5214d87ee0e95928f3614a256a1488"},
    {url = "https://files.pythonhosted.org/packages/64/8e/9929b64e146d240507edaac2185cd5516f00b133be5b39250d253be25a64/numpy-1.23.4.tar.gz", hash = "sha256:ed2cc92af0efad20198638c69bb0fc2870a58dabfba6eb722c933b48556c686c"},
    {url = "https://files.pythonhosted.org/packages/85/3a/18da9e6aa629311e97ef208e183e1bacd049c87378dfdc9c299c8a6406e1/numpy-1.23.4-cp39-cp39-macosx_11_0_arm64.whl", hash = "sha256:f76025acc8e2114bb664294a07ede0727aa75d63a06d2fae96bf29a81747e4a7"},
    {url = "https://files.pythonhosted.org/packages/8e/d7/fe76e876a139c5f3f7c7bb2695ec2136bf94d9748433d9028ef0e2f58843/numpy-1.23.4-cp310-cp310-macosx_11_0_arm64.whl", hash = "sha256:926db372bc4ac1edf81cfb6c59e2a881606b409ddc0d0920b988174b2e2a767f"},
    {url = "https://files.pythonhosted.org/packages/92/49/127e40f3f468a9bbce1fe69e97d0f0db524621960e0adc51a977298eb49c/numpy-1.23.4-cp39-cp39-manylinux_2_17_x86_64.manylinux2014_x86_64.whl", hash = "sha256:95de7dc7dc47a312f6feddd3da2500826defdccbc41608d0031276a24181a2c0"},
    {url = "https://files.pythonhosted.org/packages/95/2f/0644216547beb6b6b6ffab234a4eceb5bcba8b4a859676898027f5d57d06/numpy-1.23.4-pp38-pypy38_pp73-win_amd64.whl", hash = "sha256:4d52914c88b4930dafb6c48ba5115a96cbab40f45740239d9f4159c4ba779962"},
    {url = "https://files.pythonhosted.org/packages/a7/08/e776ca1cc170ead24149dd1f8f4646628c94e70612f5fed74e9543f063fd/numpy-1.23.4-cp310-cp310-win32.whl", hash = "sha256:2341f4ab6dba0834b685cce16dad5f9b6606ea8a00e6da154f5dbded70fdc4dd"},
    {url = "https://files.pythonhosted.org/packages/a9/23/646b2bb081b25e8c6e2495fc1ddcea2ad89b5fdff194a9d1e8eb55cc1a6d/numpy-1.23.4-cp38-cp38-win_amd64.whl", hash = "sha256:0fe563fc8ed9dc4474cbf70742673fc4391d70f4363f917599a7fa99f042d5a8"},
    {url = "https://files.pythonhosted.org/packages/af/74/c02ece94ef88bed0a7f266959fd9bb2c97140345bc792f281b7db390eea9/numpy-1.23.4-cp39-cp39-win_amd64.whl", hash = "sha256:f260da502d7441a45695199b4e7fd8ca87db659ba1c78f2bbf31f934fe76ae0e"},
    {url = "https://files.pythonhosted.org/packages/b2/f2/fb29a463abacb29fa03dfb548d463f77d5d0be887664a3d570556247767a/numpy-1.23.4-cp310-cp310-win_amd64.whl", hash = "sha256:d331afac87c92373826af83d2b2b435f57b17a5c74e6268b79355b970626e329"},
    {url = "https://files.pythonhosted.org/packages/c7/14/e35de6ce343a1226e4f838659f093f124ebaf2682c6f12ce3253a58f46bd/numpy-1.23.4-cp39-cp39-manylinux_2_17_aarch64.manylinux2014_aarch64.whl", hash = "sha256:12ac457b63ec8ded85d85c1e17d85efd3c2b0967ca39560b307a35a6703a4735"},
    {url = "https://files.pythonhosted.org/packages/c9/ea/9222b4400b8604d4dd097e26a6e33f4a72d3c610902c3c0fe2182b51fea9/numpy-1.23.4-cp39-cp39-win32.whl", hash = "sha256:f2f390aa4da44454db40a1f0201401f9036e8d578a25f01a6e237cea238337ef"},
    {url = "https://files.pythonhosted.org/packages/db/a5/3c06b9f81fcc97f5ae7f6a2cbdcb9af09c7525d24013bc8a588039971f12/numpy-1.23.4-cp38-cp38-macosx_11_0_arm64.whl", hash = "sha256:a8aae2fb3180940011b4862b2dd3756616841c53db9734b27bb93813cd79fce6"},
    {url = "https://files.pythonhosted.org/packages/eb/a6/a3217b371207622bda002820da4f7e1332a96c8331dd4720c6d4be13a799/numpy-1.23.4-cp311-cp311-win_amd64.whl", hash = "sha256:7607b598217745cc40f751da38ffd03512d33ec06f3523fb0b5f82e09f6f676d"},
    {url = "https://files.pythonhosted.org/packages/ec/83/81bcb0adeca52bffe6bf4b7c0a3f3d80a1d541f79f46fc5b12e6e997ddbe/numpy-1.23.4-cp311-cp311-manylinux_2_17_aarch64.manylinux2014_aarch64.whl", hash = "sha256:8981d9b5619569899666170c7c9748920f4a5005bf79c72c07d08c8a035757b0"},
]
"pyarrow 10.0.0" = [
    {url = "https://files.pythonhosted.org/packages/01/69/48421b3e41741b73b750d4db0c07dc950424c40f79c7b74892d2b5de4e58/pyarrow-10.0.0-cp39-cp39-win_amd64.whl", hash = "sha256:d45a59e2f47826544c0ca70bc0f7ed8ffa5ad23f93b0458230c7e983bcad1acf"},
    {url = "https://files.pythonhosted.org/packages/07/f7/ee422a76cd1ec6366326b701c8ee82c283f7432122135575e0a878eb09f8/pyarrow-10.0.0-cp38-cp38-manylinux_2_17_aarch64.manylinux2014_aarch64.whl", hash = "sha256:b45f969ed924282e9d4ede38f3430630d809c36dbff65452cabce03141943d28"},
    {url = "https://files.pythonhosted.org/packages/1c/f0/4b41f7f0e84a5454886f02707f55423e1e2331f3a2019b39eae475029eb1/pyarrow-10.0.0-cp38-cp38-macosx_11_0_arm64.whl", hash = "sha256:68ccb82c04c0f7abf7a95541d5e9d9d94290fc66a2d36d3f6ea0777f40c15654"},
    {url = "https://files.pythonhosted.org/packages/3a/f1/3f754a2fb9c4c94d7c869b3575e1b3b95ae26c2bd17f90957ff87b5cec2e/pyarrow-10.0.0-cp310-cp310-manylinux_2_17_x86_64.manylinux2014_x86_64.whl", hash = "sha256:758284e1ebd3f2a9abb30544bfec28d151a398bb7c0f2578cbca5ee5b000364a"},
    {url = "https://files.pythonhosted.org/packages/40/b4/e7bbea26f2279155c1eea7f33e9275b788afdfba0680e08bfda5b347feff/pyarrow-10.0.0-cp39-cp39-manylinux_2_17_aarch64.manylinux2014_aarch64.whl", hash = "sha256:2d326a9d47ac237d81b8c4337e9d30a0b361835b536fc7ea53991455ce761fbd"},
    {url = "https://files.pythonhosted.org/packages/43/08/d04893609c4eca5e50e93c52ce80b92c107a73d51999c0275121003c802a/pyarrow-10.0.0-cp38-cp38-macosx_10_14_x86_64.whl", hash = "sha256:69b8a1fd99201178799b02f18498633847109b701856ec762f314352a431b7d0"},
    {url = "https://files.pythonhosted.org/packages/48/5a/5a52d6af126e6083b88cebd85a414a75c4a155f1f55f0bd87f61fad188ef/pyarrow-10.0.0-cp37-cp37m-manylinux_2_17_x86_64.manylinux2014_x86_64.whl", hash = "sha256:c79300e1a3e23f2bf4defcf0d70ff5ea25ef6ebf6f121d8670ee14bb662bb7ca"},
    {url = "https://files.pythonhosted.org/packages/53/31/2b288532660824e04e381aed72c6f66d6a2c166e59eac9e1c426914f7968/pyarrow-10.0.0-cp310-cp310-macosx_10_14_x86_64.whl", hash = "sha256:e4c6da9f9e1ff96781ee1478f7cc0860e66c23584887b8e297c4b9905c3c9066"},
    {url = "https://files.pythonhosted.org/packages/54/76/776059807d8bac7833134fa0edac0aa44fd83a417c667ddc37404eff1e89/pyarrow-10.0.0-cp37-cp37m-win_amd64.whl", hash = "sha256:f76157d9579571c865860e5fd004537c03e21139db76692d96fd8a186adab1f2"},
    {url = "https://files.pythonhosted.org/packages/5a/cd/fbb3a4dd82c4a776544cd75279bf36c2be1c4cd56aba13aa70fe32b912a5/pyarrow-10.0.0-cp310-cp310-macosx_11_0_arm64.whl", hash = "sha256:4051664d354b14939b5da35cfa77821ade594bc1cf56dd2032b3068c96697d74"},
    {url = "https://files.pythonhosted.org/packages/5e/44/aaad183397324863e5b483f8ea4ec974574ac3297e3efee22e2208a0455f/pyarrow-10.0.0-cp39-cp39-macosx_11_0_arm64.whl", hash = "sha256:b3e3148468d3eed3779d68241f1d13ed4ee7cca4c6dbc7c07e5062b93ad4da33"},
    {url = "https://files.pythonhosted.org/packages/5e/b4/b331c9c5df996bb918642295ede579ff0f4638a96698985aa793102e7056/pyarrow-10.0.0-cp39-cp39-manylinux_2_17_x86_64.manylinux2014_x86_64.whl", hash = "sha256:25f51dca780fc22cfd7ac30f6bdfe70eb99145aee9acfda987f2c49955d66ed9"},
    {url = "https://files.pythonhosted.org/packages/93/32/fbd9ab0ac47c89866e4bc241c890d16a32cc9ae95a47f166cdf25e38e914/pyarrow-10.0.0-cp37-cp37m-manylinux_2_17_aarch64.manylinux2014_aarch64.whl", hash = "sha256:3d2694f08c8d4482d14e3798ff036dbd81ae6b1c47948f52515e1aa90fbec3f0"},
    {url = "https://files.pythonhosted.org/packages/9e/64/8579ec4647dbcf755008a9af17e289b648c875aea62c2b8ed8efd0d0f693/pyarrow-10.0.0-cp38-cp38-win_amd64.whl", hash = "sha256:7ce026274cd5d9934cd3694e89edecde4e036018bbc6cb735fd33b9e967e7d47"},
    {url = "https://files.pythonhosted.org/packages/9f/85/7a6ffe7c40d7797639c94fca3075e7435801ee80dcd0fb6047170cd55963/pyarrow-10.0.0-cp310-cp310-win_amd64.whl", hash = "sha256:f329951d56b3b943c353f7b27c894e02367a7efbb9fef7979c6b24e02dbfcf55"},
    {url = "https://files.pythonhosted.org/packages/b5/73/1928f92f2f3567f7df2ad75588da2d3a5f52b44d7d0c03d43e111b05e8f6/pyarrow-10.0.0-cp38-cp38-manylinux_2_17_x86_64.manylinux2014_x86_64.whl", hash = "sha256:b9f63ceb8346aac0bcb487fafe9faca642ad448ca649fcf66a027c6e120cbc12"},
    {url = "https://files.pythonhosted.org/packages/bd/3d/9594c09e1e2fe2e5ed7ef5c22e4347fee2ea243bccd960442e2c97731fd2/pyarrow-10.0.0.tar.gz", hash = "sha256:b153b05765393557716e3729cf988442b3ae4f5567364ded40d58c07feed27c2"},
    {url = "https://files.pythonhosted.org/packages/d5/48/653247f1abca4da74afc36fa42ececd6ca3ca951b3919a6278c0efe4f924/pyarrow-10.0.0-cp310-cp310-manylinux_2_17_aarch64.manylinux2014_aarch64.whl", hash = "sha256:65d4a312f3ced318423704355acaccc7f7bdfe242472e59bdd54aa0f8837adf8"},
    {url = "https://files.pythonhosted.org/packages/dc/04/cbff70531860edc11a7d1b5f09e1f85cb4164e7bd2f4e3d1ff96112407b7/pyarrow-10.0.0-cp37-cp37m-macosx_10_14_x86_64.whl", hash = "sha256:511735040b83f2993f78d7fb615e7b88253d75f41500e87e587c40156ff88120"},
    {url = "https://files.pythonhosted.org/packages/ea/53/266925237044075c344f1ca0a86fb22e14125c3e6a21cdbdc1086d356edc/pyarrow-10.0.0-cp310-cp310-macosx_10_14_universal2.whl", hash = "sha256:10e031794d019425d34406edffe7e32157359e9455f9edb97a1732f8dabf802f"},
    {url = "https://files.pythonhosted.org/packages/ea/55/ee0dee46d8bcfd0536c793b440f91d8bce4ae7378165beb85e495c0be85d/pyarrow-10.0.0-cp39-cp39-macosx_10_14_universal2.whl", hash = "sha256:7e6b837cc44cd62a0e280c8fc4de94ebce503d6d1190e6e94157ab49a8bea67b"},
    {url = "https://files.pythonhosted.org/packages/ee/ef/cbd1bb65ea334582eea40f96fc39769c4b9e2be640f396e603e79100a0b5/pyarrow-10.0.0-cp39-cp39-macosx_10_14_x86_64.whl", hash = "sha256:7be7f42f713068293308c989a4a3a2de03b70199bdbe753901c6595ff8640c64"},
]
